
Microsoft Visual Studio Solution File, Format Version 12.00
# Visual Studio Version 17
VisualStudioVersion = 17.14.36408.4 d17.14
MinimumVisualStudioVersion = 10.0.40219.1
Project("{FAE04EC0-301F-11D3-BF4B-00C04F79EFBC}") = "Open.WebDav", "Open.WebDav\Open.WebDav.csproj", "{40E3FFE2-8B4B-40C4-BCF4-729B2C526745}"
EndProject
Project("{2150E333-8FDC-42A3-9474-1A3956D46DE8}") = "Solution Items", "Solution Items", "{8EC462FD-D22E-90A8-E5CE-7E832BA40C5D}"
	ProjectSection(SolutionItems) = preProject
		.gitignore = .gitignore
	EndProjectSection
EndProject
Project("{FAE04EC0-301F-11D3-BF4B-00C04F79EFBC}") = "Open.WebDav.Test", "Open.WebDav.Test\Open.WebDav.Test.csproj", "{424AAA82-7AB4-48F6-B9C9-CE5E0D60E18C}"
EndProject
Global
	GlobalSection(SolutionConfigurationPlatforms) = preSolution
		Debug|Any CPU = Debug|Any CPU
		Release|Any CPU = Release|Any CPU
	EndGlobalSection
	GlobalSection(ProjectConfigurationPlatforms) = postSolution
		{40E3FFE2-8B4B-40C4-BCF4-729B2C526745}.Debug|Any CPU.ActiveCfg = Debug|Any CPU
		{40E3FFE2-8B4B-40C4-BCF4-729B2C526745}.Debug|Any CPU.Build.0 = Debug|Any CPU
		{40E3FFE2-8B4B-40C4-BCF4-729B2C526745}.Release|Any CPU.ActiveCfg = Release|Any CPU
		{40E3FFE2-8B4B-40C4-BCF4-729B2C526745}.Release|Any CPU.Build.0 = Release|Any CPU
		{424AAA82-7AB4-48F6-B9C9-CE5E0D60E18C}.Debug|Any CPU.ActiveCfg = Debug|Any CPU
		{424AAA82-7AB4-48F6-B9C9-CE5E0D60E18C}.Debug|Any CPU.Build.0 = Debug|Any CPU
		{424AAA82-7AB4-48F6-B9C9-CE5E0D60E18C}.Release|Any CPU.ActiveCfg = Release|Any CPU
		{424AAA82-7AB4-48F6-B9C9-CE5E0D60E18C}.Release|Any CPU.Build.0 = Release|Any CPU
	EndGlobalSection
	GlobalSection(SolutionProperties) = preSolution
		HideSolutionNode = FALSE
	EndGlobalSection
	GlobalSection(ExtensibilityGlobals) = postSolution
		SolutionGuid = {0082FC55-902B-42E7-9D6B-F5542BD6FBF8}
	EndGlobalSection
EndGlobal
